
Microsoft Visual Studio Solution File, Format Version 12.00
# Visual Studio Version 17
VisualStudioVersion = 17.5.33627.172
MinimumVisualStudioVersion = 10.0.40219.1
Project("{FAE04EC0-301F-11D3-BF4B-00C04F79EFBC}") = "NutiGuide", "NutiGuide\NutiGuide.csproj", "{8E3BF121-9FAE-4C74-B151-4577D28387AE}"
EndProject
Global
	GlobalSection(SolutionConfigurationPlatforms) = preSolution
		Debug|Any CPU = Debug|Any CPU
		Release|Any CPU = Release|Any CPU
	EndGlobalSection
	GlobalSection(ProjectConfigurationPlatforms) = postSolution
		{8E3BF121-9FAE-4C74-B151-4577D28387AE}.Debug|Any CPU.ActiveCfg = Debug|Any CPU
		{8E3BF121-9FAE-4C74-B151-4577D28387AE}.Debug|Any CPU.Build.0 = Debug|Any CPU
		{8E3BF121-9FAE-4C74-B151-4577D28387AE}.Release|Any CPU.ActiveCfg = Release|Any CPU
		{8E3BF121-9FAE-4C74-B151-4577D28387AE}.Release|Any CPU.Build.0 = Release|Any CPU
	EndGlobalSection
	GlobalSection(SolutionProperties) = preSolution
		HideSolutionNode = FALSE
	EndGlobalSection
	GlobalSection(ExtensibilityGlobals) = postSolution
		SolutionGuid = {AD39BE28-0B74-4A81-9229-959B604F7C2B}
	EndGlobalSection
EndGlobal
