
Microsoft Visual Studio Solution File, Format Version 12.00
# Visual Studio Version 17
VisualStudioVersion = 17.5.33627.172
MinimumVisualStudioVersion = 10.0.40219.1
Project("{9A19103F-16F7-4668-BE54-9A1E7A4F7556}") = "NutriGuide.UI", "NutriGuide.UI\NutriGuide.UI.csproj", "{08CF3512-58E4-4FCA-8317-985C2F50D370}"
EndProject
Project("{9A19103F-16F7-4668-BE54-9A1E7A4F7556}") = "NutriGuide.DataAccessLayer", "NutriGuide.DataAccessLayer\NutriGuide.DataAccessLayer.csproj", "{A8779C49-0217-4C57-9136-D9165214E538}"
EndProject
Project("{FAE04EC0-301F-11D3-BF4B-00C04F79EFBC}") = "NutriGuide.BusinessLayer", "NutriGuide.BusinessLayer\NutriGuide.BusinessLayer.csproj", "{4AD8FF65-B082-4966-8076-E43A5FD14C36}"
EndProject
Global
	GlobalSection(SolutionConfigurationPlatforms) = preSolution
		Debug|Any CPU = Debug|Any CPU
		Release|Any CPU = Release|Any CPU
	EndGlobalSection
	GlobalSection(ProjectConfigurationPlatforms) = postSolution
		{08CF3512-58E4-4FCA-8317-985C2F50D370}.Debug|Any CPU.ActiveCfg = Debug|Any CPU
		{08CF3512-58E4-4FCA-8317-985C2F50D370}.Debug|Any CPU.Build.0 = Debug|Any CPU
		{08CF3512-58E4-4FCA-8317-985C2F50D370}.Release|Any CPU.ActiveCfg = Release|Any CPU
		{08CF3512-58E4-4FCA-8317-985C2F50D370}.Release|Any CPU.Build.0 = Release|Any CPU
		{A8779C49-0217-4C57-9136-D9165214E538}.Debug|Any CPU.ActiveCfg = Debug|Any CPU
		{A8779C49-0217-4C57-9136-D9165214E538}.Debug|Any CPU.Build.0 = Debug|Any CPU
		{A8779C49-0217-4C57-9136-D9165214E538}.Release|Any CPU.ActiveCfg = Release|Any CPU
		{A8779C49-0217-4C57-9136-D9165214E538}.Release|Any CPU.Build.0 = Release|Any CPU
		{4AD8FF65-B082-4966-8076-E43A5FD14C36}.Debug|Any CPU.ActiveCfg = Debug|Any CPU
		{4AD8FF65-B082-4966-8076-E43A5FD14C36}.Debug|Any CPU.Build.0 = Debug|Any CPU
		{4AD8FF65-B082-4966-8076-E43A5FD14C36}.Release|Any CPU.ActiveCfg = Release|Any CPU
		{4AD8FF65-B082-4966-8076-E43A5FD14C36}.Release|Any CPU.Build.0 = Release|Any CPU
	EndGlobalSection
	GlobalSection(SolutionProperties) = preSolution
		HideSolutionNode = FALSE
	EndGlobalSection
	GlobalSection(ExtensibilityGlobals) = postSolution
		SolutionGuid = {AD39BE28-0B74-4A81-9229-959B604F7C2B}
	EndGlobalSection
EndGlobal
